Microsoft Visual Studio Solution File, Format Version 12.00
# Visual Studio 14
VisualStudioVersion = 14.0.23107.0
MinimumVisualStudioVersion = 10.0.40219.1
Project("{FAE04EC0-301F-11D3-BF4B-00C04F79EFBC}") = "Gwen.Renderer.SFML", "Gwen.Renderer.SFML\Gwen.Renderer.SFML.csproj", "{D97B4F91-9FC8-46E0-A511-68D006662051}"
EndProject
Project("{FAE04EC0-301F-11D3-BF4B-00C04F79EFBC}") = "Gwen.Sample.SFML", "Gwen.Sample.SFML\Gwen.Sample.SFML.csproj", "{3528E188-400A-4902-8050-FBAEAFC1F266}"
EndProject
Project("{FAE04EC0-301F-11D3-BF4B-00C04F79EFBC}") = "Gwen.UnitTest", "Gwen.UnitTest\Gwen.UnitTest.csproj", "{1E28C643-0671-4EDF-ADEE-B75D33BAE5AF}"
EndProject
Project("{FAE04EC0-301F-11D3-BF4B-00C04F79EFBC}") = "Gwen.Sample.OpenTK", "Gwen.Sample.OpenTK\Gwen.Sample.OpenTK.csproj", "{B316F57F-6D02-4487-95AE-EA88B9C995CE}"
EndProject
Project("{FAE04EC0-301F-11D3-BF4B-00C04F79EFBC}") = "Gwen", "Gwen\Gwen.csproj", "{2F404952-87C6-4031-85B9-47DA3B04C39C}"
EndProject
Project("{FAE04EC0-301F-11D3-BF4B-00C04F79EFBC}") = "Gwen.OpenTK", "Gwen.OpenTK\Gwen.OpenTK.csproj", "{3D379459-34C5-41B8-979A-C7628AD73AE4}"
EndProject
Global
	GlobalSection(SolutionConfigurationPlatforms) = preSolution
		Debug|Any CPU = Debug|Any CPU
		Release|Any CPU = Release|Any CPU
	EndGlobalSection
	GlobalSection(ProjectConfigurationPlatforms) = postSolution
		{D97B4F91-9FC8-46E0-A511-68D006662051}.Debug|Any CPU.ActiveCfg = Debug|Any CPU
		{D97B4F91-9FC8-46E0-A511-68D006662051}.Debug|Any CPU.Build.0 = Debug|Any CPU
		{D97B4F91-9FC8-46E0-A511-68D006662051}.Release|Any CPU.ActiveCfg = Release|Any CPU
		{D97B4F91-9FC8-46E0-A511-68D006662051}.Release|Any CPU.Build.0 = Release|Any CPU
		{3528E188-400A-4902-8050-FBAEAFC1F266}.Debug|Any CPU.ActiveCfg = Debug|Any CPU
		{3528E188-400A-4902-8050-FBAEAFC1F266}.Debug|Any CPU.Build.0 = Debug|Any CPU
		{3528E188-400A-4902-8050-FBAEAFC1F266}.Release|Any CPU.ActiveCfg = Release|Any CPU
		{3528E188-400A-4902-8050-FBAEAFC1F266}.Release|Any CPU.Build.0 = Release|Any CPU
		{1E28C643-0671-4EDF-ADEE-B75D33BAE5AF}.Debug|Any CPU.ActiveCfg = Debug|Any CPU
		{1E28C643-0671-4EDF-ADEE-B75D33BAE5AF}.Debug|Any CPU.Build.0 = Debug|Any CPU
		{1E28C643-0671-4EDF-ADEE-B75D33BAE5AF}.Release|Any CPU.ActiveCfg = Release|Any CPU
		{1E28C643-0671-4EDF-ADEE-B75D33BAE5AF}.Release|Any CPU.Build.0 = Release|Any CPU
		{B316F57F-6D02-4487-95AE-EA88B9C995CE}.Debug|Any CPU.ActiveCfg = Debug|Any CPU
		{B316F57F-6D02-4487-95AE-EA88B9C995CE}.Debug|Any CPU.Build.0 = Debug|Any CPU
		{B316F57F-6D02-4487-95AE-EA88B9C995CE}.Release|Any CPU.ActiveCfg = Release|Any CPU
		{B316F57F-6D02-4487-95AE-EA88B9C995CE}.Release|Any CPU.Build.0 = Release|Any CPU
		{2F404952-87C6-4031-85B9-47DA3B04C39C}.Debug|Any CPU.ActiveCfg = Debug|Any CPU
		{2F404952-87C6-4031-85B9-47DA3B04C39C}.Debug|Any CPU.Build.0 = Debug|Any CPU
		{2F404952-87C6-4031-85B9-47DA3B04C39C}.Release|Any CPU.ActiveCfg = Release|Any CPU
		{2F404952-87C6-4031-85B9-47DA3B04C39C}.Release|Any CPU.Build.0 = Release|Any CPU
		{3D379459-34C5-41B8-979A-C7628AD73AE4}.Debug|Any CPU.ActiveCfg = Debug|Any CPU
		{3D379459-34C5-41B8-979A-C7628AD73AE4}.Debug|Any CPU.Build.0 = Debug|Any CPU
		{3D379459-34C5-41B8-979A-C7628AD73AE4}.Release|Any CPU.ActiveCfg = Release|Any CPU
		{3D379459-34C5-41B8-979A-C7628AD73AE4}.Release|Any CPU.Build.0 = Release|Any CPU
	EndGlobalSection
	GlobalSection(SolutionProperties) = preSolution
		HideSolutionNode = FALSE
	EndGlobalSection
EndGlobal
